
Microsoft Visual Studio Solution File, Format Version 12.00
# Visual Studio Version 17
VisualStudioVersion = 17.11.35303.130
MinimumVisualStudioVersion = 10.0.40219.1
Project("{2150E333-8FDC-42A3-9474-1A3956D46DE8}") = "Task0", "Task0", "{EC865709-2C63-4C87-9E85-3547C1CF36D5}"
EndProject
Project("{9A19103F-16F7-4668-BE54-9A1E7A4F7556}") = "Tyuiu.CherkashinMM.Sprint6.Task0.V28.Lib", "Tyuiu.CherkashinMM.Sprint6.Task0.V28.Lib\Tyuiu.CherkashinMM.Sprint6.Task0.V28.Lib.csproj", "{A682C4BC-F8A5-483A-96AB-B5709E17A008}"
EndProject
Project("{9A19103F-16F7-4668-BE54-9A1E7A4F7556}") = "Tyuiu.CherkashinMM.Sprint6.Task0.V28.Test", "Tyuiu.CherkashinMM.Sprint6.Task0.V28.Test\Tyuiu.CherkashinMM.Sprint6.Task0.V28.Test.csproj", "{00AA6FB5-0D4E-4948-8747-4897B6EBACBC}"
EndProject
Project("{9A19103F-16F7-4668-BE54-9A1E7A4F7556}") = "Tyuiu.CherkashinMM.Sprint6.Task0.V28", "Tyuiu.CherkashinMM.Sprint6.Task0.V28\Tyuiu.CherkashinMM.Sprint6.Task0.V28.csproj", "{D0338DD2-E532-4BD0-87EE-EBF99F7C8E69}"
EndProject
Project("{2150E333-8FDC-42A3-9474-1A3956D46DE8}") = "Task1", "Task1", "{2593F54C-81B2-42CC-A6F0-9842A8F845CD}"
EndProject
Project("{9A19103F-16F7-4668-BE54-9A1E7A4F7556}") = "Tyuiu.CherkashinMM.Sprint6.Task1.V6.Lib", "Tyuiu.CherkashinMM.Sprint6.Task1.V6.Lib\Tyuiu.CherkashinMM.Sprint6.Task1.V6.Lib.csproj", "{FBD72B6F-3E88-4B12-82BE-4B263ECEC9CF}"
EndProject
Project("{9A19103F-16F7-4668-BE54-9A1E7A4F7556}") = "Tyuiu.CherkashinMM.Sprint6.Task1.V6.Test", "Tyuiu.CherkashinMM.Sprint6.Task1.V6.Test\Tyuiu.CherkashinMM.Sprint6.Task1.V6.Test.csproj", "{E76CDCD5-A650-4189-9ED3-828B899D16B4}"
EndProject
Project("{9A19103F-16F7-4668-BE54-9A1E7A4F7556}") = "Tyuiu.CherkashinMM.Sprint6.Task1.V6", "Tyuiu.CherkashinMM.Sprint6.Task1.V6\Tyuiu.CherkashinMM.Sprint6.Task1.V6.csproj", "{EDD1C4AC-C6DC-48C5-95F6-EC60BC8FEE50}"
EndProject
Project("{2150E333-8FDC-42A3-9474-1A3956D46DE8}") = "Task2", "Task2", "{8D3A9F4B-91DA-487D-A009-3D9DC2C80E8B}"
EndProject
Project("{9A19103F-16F7-4668-BE54-9A1E7A4F7556}") = "Tyuiu.CherkashinMM.Sprint6.Task2.V13.Lib", "Tyuiu.CherkashinMM.Sprint6.Task2.V13.Lib\Tyuiu.CherkashinMM.Sprint6.Task2.V13.Lib.csproj", "{B0FDF06F-30BE-4563-AC21-7E6646AF81E7}"
EndProject
Project("{9A19103F-16F7-4668-BE54-9A1E7A4F7556}") = "Tyuiu.CherkashinMM.Sprint6.Task2.V13.Test", "Tyuiu.CherkashinMM.Sprint6.Task2.V13.Test\Tyuiu.CherkashinMM.Sprint6.Task2.V13.Test.csproj", "{566D9052-327C-4C66-B42A-8262A9BC4CB8}"
EndProject
Project("{FAE04EC0-301F-11D3-BF4B-00C04F79EFBC}") = "Tyuiu.CherkashinMM.Sprint6.Task2.V13", "Tyuiu.CherkashinMM.Sprint6.Task2.V13\Tyuiu.CherkashinMM.Sprint6.Task2.V13.csproj", "{1E13B24A-0406-4818-B694-C388E663C6AD}"
EndProject
Global
	GlobalSection(SolutionConfigurationPlatforms) = preSolution
		Debug|Any CPU = Debug|Any CPU
		Debug|x64 = Debug|x64
		Debug|x86 = Debug|x86
		Release|Any CPU = Release|Any CPU
		Release|x64 = Release|x64
		Release|x86 = Release|x86
	EndGlobalSection
	GlobalSection(ProjectConfigurationPlatforms) = postSolution
		{A682C4BC-F8A5-483A-96AB-B5709E17A008}.Debug|Any CPU.ActiveCfg = Debug|Any CPU
		{A682C4BC-F8A5-483A-96AB-B5709E17A008}.Debug|Any CPU.Build.0 = Debug|Any CPU
		{A682C4BC-F8A5-483A-96AB-B5709E17A008}.Debug|x64.ActiveCfg = Debug|Any CPU
		{A682C4BC-F8A5-483A-96AB-B5709E17A008}.Debug|x64.Build.0 = Debug|Any CPU
		{A682C4BC-F8A5-483A-96AB-B5709E17A008}.Debug|x86.ActiveCfg = Debug|Any CPU
		{A682C4BC-F8A5-483A-96AB-B5709E17A008}.Debug|x86.Build.0 = Debug|Any CPU
		{A682C4BC-F8A5-483A-96AB-B5709E17A008}.Release|Any CPU.ActiveCfg = Release|Any CPU
		{A682C4BC-F8A5-483A-96AB-B5709E17A008}.Release|Any CPU.Build.0 = Release|Any CPU
		{A682C4BC-F8A5-483A-96AB-B5709E17A008}.Release|x64.ActiveCfg = Release|Any CPU
		{A682C4BC-F8A5-483A-96AB-B5709E17A008}.Release|x64.Build.0 = Release|Any CPU
		{A682C4BC-F8A5-483A-96AB-B5709E17A008}.Release|x86.ActiveCfg = Release|Any CPU
		{A682C4BC-F8A5-483A-96AB-B5709E17A008}.Release|x86.Build.0 = Release|Any CPU
		{00AA6FB5-0D4E-4948-8747-4897B6EBACBC}.Debug|Any CPU.ActiveCfg = Debug|Any CPU
		{00AA6FB5-0D4E-4948-8747-4897B6EBACBC}.Debug|Any CPU.Build.0 = Debug|Any CPU
		{00AA6FB5-0D4E-4948-8747-4897B6EBACBC}.Debug|x64.ActiveCfg = Debug|Any CPU
		{00AA6FB5-0D4E-4948-8747-4897B6EBACBC}.Debug|x64.Build.0 = Debug|Any CPU
		{00AA6FB5-0D4E-4948-8747-4897B6EBACBC}.Debug|x86.ActiveCfg = Debug|Any CPU
		{00AA6FB5-0D4E-4948-8747-4897B6EBACBC}.Debug|x86.Build.0 = Debug|Any CPU
		{00AA6FB5-0D4E-4948-8747-4897B6EBACBC}.Release|Any CPU.ActiveCfg = Release|Any CPU
		{00AA6FB5-0D4E-4948-8747-4897B6EBACBC}.Release|Any CPU.Build.0 = Release|Any CPU
		{00AA6FB5-0D4E-4948-8747-4897B6EBACBC}.Release|x64.ActiveCfg = Release|Any CPU
		{00AA6FB5-0D4E-4948-8747-4897B6EBACBC}.Release|x64.Build.0 = Release|Any CPU
		{00AA6FB5-0D4E-4948-8747-4897B6EBACBC}.Release|x86.ActiveCfg = Release|Any CPU
		{00AA6FB5-0D4E-4948-8747-4897B6EBACBC}.Release|x86.Build.0 = Release|Any CPU
		{D0338DD2-E532-4BD0-87EE-EBF99F7C8E69}.Debug|Any CPU.ActiveCfg = Debug|Any CPU
		{D0338DD2-E532-4BD0-87EE-EBF99F7C8E69}.Debug|Any CPU.Build.0 = Debug|Any CPU
		{D0338DD2-E532-4BD0-87EE-EBF99F7C8E69}.Debug|x64.ActiveCfg = Debug|Any CPU
		{D0338DD2-E532-4BD0-87EE-EBF99F7C8E69}.Debug|x64.Build.0 = Debug|Any CPU
		{D0338DD2-E532-4BD0-87EE-EBF99F7C8E69}.Debug|x86.ActiveCfg = Debug|Any CPU
		{D0338DD2-E532-4BD0-87EE-EBF99F7C8E69}.Debug|x86.Build.0 = Debug|Any CPU
		{D0338DD2-E532-4BD0-87EE-EBF99F7C8E69}.Release|Any CPU.ActiveCfg = Release|Any CPU
		{D0338DD2-E532-4BD0-87EE-EBF99F7C8E69}.Release|Any CPU.Build.0 = Release|Any CPU
		{D0338DD2-E532-4BD0-87EE-EBF99F7C8E69}.Release|x64.ActiveCfg = Release|Any CPU
		{D0338DD2-E532-4BD0-87EE-EBF99F7C8E69}.Release|x64.Build.0 = Release|Any CPU
		{D0338DD2-E532-4BD0-87EE-EBF99F7C8E69}.Release|x86.ActiveCfg = Release|Any CPU
		{D0338DD2-E532-4BD0-87EE-EBF99F7C8E69}.Release|x86.Build.0 = Release|Any CPU
		{FBD72B6F-3E88-4B12-82BE-4B263ECEC9CF}.Debug|Any CPU.ActiveCfg = Debug|Any CPU
		{FBD72B6F-3E88-4B12-82BE-4B263ECEC9CF}.Debug|Any CPU.Build.0 = Debug|Any CPU
		{FBD72B6F-3E88-4B12-82BE-4B263ECEC9CF}.Debug|x64.ActiveCfg = Debug|Any CPU
		{FBD72B6F-3E88-4B12-82BE-4B263ECEC9CF}.Debug|x64.Build.0 = Debug|Any CPU
		{FBD72B6F-3E88-4B12-82BE-4B263ECEC9CF}.Debug|x86.ActiveCfg = Debug|Any CPU
		{FBD72B6F-3E88-4B12-82BE-4B263ECEC9CF}.Debug|x86.Build.0 = Debug|Any CPU
		{FBD72B6F-3E88-4B12-82BE-4B263ECEC9CF}.Release|Any CPU.ActiveCfg = Release|Any CPU
		{FBD72B6F-3E88-4B12-82BE-4B263ECEC9CF}.Release|Any CPU.Build.0 = Release|Any CPU
		{FBD72B6F-3E88-4B12-82BE-4B263ECEC9CF}.Release|x64.ActiveCfg = Release|Any CPU
		{FBD72B6F-3E88-4B12-82BE-4B263ECEC9CF}.Release|x64.Build.0 = Release|Any CPU
		{FBD72B6F-3E88-4B12-82BE-4B263ECEC9CF}.Release|x86.ActiveCfg = Release|Any CPU
		{FBD72B6F-3E88-4B12-82BE-4B263ECEC9CF}.Release|x86.Build.0 = Release|Any CPU
		{E76CDCD5-A650-4189-9ED3-828B899D16B4}.Debug|Any CPU.ActiveCfg = Debug|Any CPU
		{E76CDCD5-A650-4189-9ED3-828B899D16B4}.Debug|Any CPU.Build.0 = Debug|Any CPU
		{E76CDCD5-A650-4189-9ED3-828B899D16B4}.Debug|x64.ActiveCfg = Debug|Any CPU
		{E76CDCD5-A650-4189-9ED3-828B899D16B4}.Debug|x64.Build.0 = Debug|Any CPU
		{E76CDCD5-A650-4189-9ED3-828B899D16B4}.Debug|x86.ActiveCfg = Debug|Any CPU
		{E76CDCD5-A650-4189-9ED3-828B899D16B4}.Debug|x86.Build.0 = Debug|Any CPU
		{E76CDCD5-A650-4189-9ED3-828B899D16B4}.Release|Any CPU.ActiveCfg = Release|Any CPU
		{E76CDCD5-A650-4189-9ED3-828B899D16B4}.Release|Any CPU.Build.0 = Release|Any CPU
		{E76CDCD5-A650-4189-9ED3-828B899D16B4}.Release|x64.ActiveCfg = Release|Any CPU
		{E76CDCD5-A650-4189-9ED3-828B899D16B4}.Release|x64.Build.0 = Release|Any CPU
		{E76CDCD5-A650-4189-9ED3-828B899D16B4}.Release|x86.ActiveCfg = Release|Any CPU
		{E76CDCD5-A650-4189-9ED3-828B899D16B4}.Release|x86.Build.0 = Release|Any CPU
		{EDD1C4AC-C6DC-48C5-95F6-EC60BC8FEE50}.Debug|Any CPU.ActiveCfg = Debug|Any CPU
		{EDD1C4AC-C6DC-48C5-95F6-EC60BC8FEE50}.Debug|Any CPU.Build.0 = Debug|Any CPU
		{EDD1C4AC-C6DC-48C5-95F6-EC60BC8FEE50}.Debug|x64.ActiveCfg = Debug|Any CPU
		{EDD1C4AC-C6DC-48C5-95F6-EC60BC8FEE50}.Debug|x64.Build.0 = Debug|Any CPU
		{EDD1C4AC-C6DC-48C5-95F6-EC60BC8FEE50}.Debug|x86.ActiveCfg = Debug|Any CPU
		{EDD1C4AC-C6DC-48C5-95F6-EC60BC8FEE50}.Debug|x86.Build.0 = Debug|Any CPU
		{EDD1C4AC-C6DC-48C5-95F6-EC60BC8FEE50}.Release|Any CPU.ActiveCfg = Release|Any CPU
		{EDD1C4AC-C6DC-48C5-95F6-EC60BC8FEE50}.Release|Any CPU.Build.0 = Release|Any CPU
		{EDD1C4AC-C6DC-48C5-95F6-EC60BC8FEE50}.Release|x64.ActiveCfg = Release|Any CPU
		{EDD1C4AC-C6DC-48C5-95F6-EC60BC8FEE50}.Release|x64.Build.0 = Release|Any CPU
		{EDD1C4AC-C6DC-48C5-95F6-EC60BC8FEE50}.Release|x86.ActiveCfg = Release|Any CPU
		{EDD1C4AC-C6DC-48C5-95F6-EC60BC8FEE50}.Release|x86.Build.0 = Release|Any CPU
		{B0FDF06F-30BE-4563-AC21-7E6646AF81E7}.Debug|Any CPU.ActiveCfg = Debug|Any CPU
		{B0FDF06F-30BE-4563-AC21-7E6646AF81E7}.Debug|Any CPU.Build.0 = Debug|Any CPU
		{B0FDF06F-30BE-4563-AC21-7E6646AF81E7}.Debug|x64.ActiveCfg = Debug|Any CPU
		{B0FDF06F-30BE-4563-AC21-7E6646AF81E7}.Debug|x64.Build.0 = Debug|Any CPU
		{B0FDF06F-30BE-4563-AC21-7E6646AF81E7}.Debug|x86.ActiveCfg = Debug|Any CPU
		{B0FDF06F-30BE-4563-AC21-7E6646AF81E7}.Debug|x86.Build.0 = Debug|Any CPU
		{B0FDF06F-30BE-4563-AC21-7E6646AF81E7}.Release|Any CPU.ActiveCfg = Release|Any CPU
		{B0FDF06F-30BE-4563-AC21-7E6646AF81E7}.Release|Any CPU.Build.0 = Release|Any CPU
		{B0FDF06F-30BE-4563-AC21-7E6646AF81E7}.Release|x64.ActiveCfg = Release|Any CPU
		{B0FDF06F-30BE-4563-AC21-7E6646AF81E7}.Release|x64.Build.0 = Release|Any CPU
		{B0FDF06F-30BE-4563-AC21-7E6646AF81E7}.Release|x86.ActiveCfg = Release|Any CPU
		{B0FDF06F-30BE-4563-AC21-7E6646AF81E7}.Release|x86.Build.0 = Release|Any CPU
		{566D9052-327C-4C66-B42A-8262A9BC4CB8}.Debug|Any CPU.ActiveCfg = Debug|Any CPU
		{566D9052-327C-4C66-B42A-8262A9BC4CB8}.Debug|Any CPU.Build.0 = Debug|Any CPU
		{566D9052-327C-4C66-B42A-8262A9BC4CB8}.Debug|x64.ActiveCfg = Debug|Any CPU
		{566D9052-327C-4C66-B42A-8262A9BC4CB8}.Debug|x64.Build.0 = Debug|Any CPU
		{566D9052-327C-4C66-B42A-8262A9BC4CB8}.Debug|x86.ActiveCfg = Debug|Any CPU
		{566D9052-327C-4C66-B42A-8262A9BC4CB8}.Debug|x86.Build.0 = Debug|Any CPU
		{566D9052-327C-4C66-B42A-8262A9BC4CB8}.Release|Any CPU.ActiveCfg = Release|Any CPU
		{566D9052-327C-4C66-B42A-8262A9BC4CB8}.Release|Any CPU.Build.0 = Release|Any CPU
		{566D9052-327C-4C66-B42A-8262A9BC4CB8}.Release|x64.ActiveCfg = Release|Any CPU
		{566D9052-327C-4C66-B42A-8262A9BC4CB8}.Release|x64.Build.0 = Release|Any CPU
		{566D9052-327C-4C66-B42A-8262A9BC4CB8}.Release|x86.ActiveCfg = Release|Any CPU
		{566D9052-327C-4C66-B42A-8262A9BC4CB8}.Release|x86.Build.0 = Release|Any CPU
		{1E13B24A-0406-4818-B694-C388E663C6AD}.Debug|Any CPU.ActiveCfg = Debug|Any CPU
		{1E13B24A-0406-4818-B694-C388E663C6AD}.Debug|Any CPU.Build.0 = Debug|Any CPU
		{1E13B24A-0406-4818-B694-C388E663C6AD}.Debug|x64.ActiveCfg = Debug|Any CPU
		{1E13B24A-0406-4818-B694-C388E663C6AD}.Debug|x64.Build.0 = Debug|Any CPU
		{1E13B24A-0406-4818-B694-C388E663C6AD}.Debug|x86.ActiveCfg = Debug|Any CPU
		{1E13B24A-0406-4818-B694-C388E663C6AD}.Debug|x86.Build.0 = Debug|Any CPU
		{1E13B24A-0406-4818-B694-C388E663C6AD}.Release|Any CPU.ActiveCfg = Release|Any CPU
		{1E13B24A-0406-4818-B694-C388E663C6AD}.Release|Any CPU.Build.0 = Release|Any CPU
		{1E13B24A-0406-4818-B694-C388E663C6AD}.Release|x64.ActiveCfg = Release|Any CPU
		{1E13B24A-0406-4818-B694-C388E663C6AD}.Release|x64.Build.0 = Release|Any CPU
		{1E13B24A-0406-4818-B694-C388E663C6AD}.Release|x86.ActiveCfg = Release|Any CPU
		{1E13B24A-0406-4818-B694-C388E663C6AD}.Release|x86.Build.0 = Release|Any CPU
	EndGlobalSection
	GlobalSection(SolutionProperties) = preSolution
		HideSolutionNode = FALSE
	EndGlobalSection
	GlobalSection(NestedProjects) = preSolution
		{A682C4BC-F8A5-483A-96AB-B5709E17A008} = {EC865709-2C63-4C87-9E85-3547C1CF36D5}
		{00AA6FB5-0D4E-4948-8747-4897B6EBACBC} = {EC865709-2C63-4C87-9E85-3547C1CF36D5}
		{D0338DD2-E532-4BD0-87EE-EBF99F7C8E69} = {EC865709-2C63-4C87-9E85-3547C1CF36D5}
		{FBD72B6F-3E88-4B12-82BE-4B263ECEC9CF} = {2593F54C-81B2-42CC-A6F0-9842A8F845CD}
		{E76CDCD5-A650-4189-9ED3-828B899D16B4} = {2593F54C-81B2-42CC-A6F0-9842A8F845CD}
		{EDD1C4AC-C6DC-48C5-95F6-EC60BC8FEE50} = {2593F54C-81B2-42CC-A6F0-9842A8F845CD}
		{B0FDF06F-30BE-4563-AC21-7E6646AF81E7} = {8D3A9F4B-91DA-487D-A009-3D9DC2C80E8B}
		{566D9052-327C-4C66-B42A-8262A9BC4CB8} = {8D3A9F4B-91DA-487D-A009-3D9DC2C80E8B}
		{1E13B24A-0406-4818-B694-C388E663C6AD} = {8D3A9F4B-91DA-487D-A009-3D9DC2C80E8B}
	EndGlobalSection
	GlobalSection(ExtensibilityGlobals) = postSolution
		SolutionGuid = {D34D27B7-5067-44F6-947F-9DC41FE7A5C4}
	EndGlobalSection
EndGlobal
